
Microsoft Visual Studio Solution File, Format Version 12.00
# Visual Studio Version 16
VisualStudioVersion = 16.0.31911.196
MinimumVisualStudioVersion = 10.0.40219.1
Project("{FAE04EC0-301F-11D3-BF4B-00C04F79EFBC}") = "MedicalClinic", "MedicalClinic.csproj", "{488E5E95-7AD3-48B6-AAE4-D3F37A0FB264}"
EndProject
Global
	GlobalSection(SolutionConfigurationPlatforms) = preSolution
		Debug|Any CPU = Debug|Any CPU
		Release|Any CPU = Release|Any CPU
	EndGlobalSection
	GlobalSection(ProjectConfigurationPlatforms) = postSolution
		{488E5E95-7AD3-48B6-AAE4-D3F37A0FB264}.Debug|Any CPU.ActiveCfg = Debug|Any CPU
		{488E5E95-7AD3-48B6-AAE4-D3F37A0FB264}.Debug|Any CPU.Build.0 = Debug|Any CPU
		{488E5E95-7AD3-48B6-AAE4-D3F37A0FB264}.Release|Any CPU.ActiveCfg = Release|Any CPU
		{488E5E95-7AD3-48B6-AAE4-D3F37A0FB264}.Release|Any CPU.Build.0 = Release|Any CPU
	EndGlobalSection
	GlobalSection(SolutionProperties) = preSolution
		HideSolutionNode = FALSE
	EndGlobalSection
	GlobalSection(ExtensibilityGlobals) = postSolution
		SolutionGuid = {EEA5AF29-68C5-440F-9D1B-5CC108093FE9}
	EndGlobalSection
EndGlobal
